{
  "version": 1,
  "dependencies": {
    ".NETCoreApp,Version=v3.1": {
      "Microsoft.VisualStudio.Azure.Containers.Tools.Targets": {
        "type": "Direct",
        "requested": "[1.10.8, )",
        "resolved": "1.10.8",
        "contentHash": "LXlwvlXetgFg2sqsLCzi+Kd+nV78VrRzy9u6nKU05yx9tcsF9BcLqL/+vtj01Z7RPhp0U8D4Px/bHbyMR9Ddjg=="
      }
    }
  }
}